
Microsoft Visual Studio Solution File, Format Version 9.00
# Visual Studio 2005
Project("{8BC9CEB8-8B4A-11D0-8D11-00A0C91BC942}") = "fx", "fx.vcproj", "{58161B12-BA12-4930-9145-7C1A78B76659}"
EndProject
Global
	GlobalSection(SolutionConfigurationPlatforms) = preSolution
		PS3 Debug|Win32 = PS3 Debug|Win32
		PS3 Release|Win32 = PS3 Release|Win32
	EndGlobalSection
	GlobalSection(ProjectConfigurationPlatforms) = postSolution
		{58161B12-BA12-4930-9145-7C1A78B76659}.PS3 Debug|Win32.ActiveCfg = PS3 Debug|Win32
		{58161B12-BA12-4930-9145-7C1A78B76659}.PS3 Debug|Win32.Build.0 = PS3 Debug|Win32
		{58161B12-BA12-4930-9145-7C1A78B76659}.PS3 Release|Win32.ActiveCfg = PS3 Release|Win32
		{58161B12-BA12-4930-9145-7C1A78B76659}.PS3 Release|Win32.Build.0 = PS3 Release|Win32
	EndGlobalSection
	GlobalSection(SolutionProperties) = preSolution
		HideSolutionNode = FALSE
	EndGlobalSection
EndGlobal
